# This file is automatically @generated by Cargo.
# It is not intended for manual editing.
[[package]]
name = "adler32"
version = "1.0.3"
source = "registry+https://github.com/rust-lang/crates.io-index"
checksum = "7e522997b529f05601e05166c07ed17789691f562762c7f3b987263d2dedee5c"

[[package]]
name = "alga"
version = "0.9.0"
source = "registry+https://github.com/rust-lang/crates.io-index"
checksum = "a033171acc255e6d0c6490e701097632377c2435fdf084a2a4c0cbeb9e1395ac"
dependencies = [
 "approx 0.3.2",
 "libm",
 "num-complex 0.2.1",
 "num-traits 0.2.6",
]

[[package]]
name = "andrew"
version = "0.2.1"
source = "registry+https://github.com/rust-lang/crates.io-index"
checksum = "9b7f09f89872c2b6b29e319377b1fbe91c6f5947df19a25596e121cf19a7b35e"
dependencies = [
 "bitflags",
 "line_drawing",
 "rusttype 0.7.6",
 "walkdir",
 "xdg",
 "xml-rs",
]

[[package]]
name = "android_glue"
version = "0.2.3"
source = "registry+https://github.com/rust-lang/crates.io-index"
checksum = "000444226fcff248f2bc4c7625be32c63caccfecc2723a2b9f78a7487a49c407"

[[package]]
name = "approx"
version = "0.1.1"
source = "registry+https://github.com/rust-lang/crates.io-index"
checksum = "08abcc3b4e9339e33a3d0a5ed15d84a687350c05689d825e0f6655eef9e76a94"

[[package]]
name = "approx"
version = "0.3.2"
source = "registry+https://github.com/rust-lang/crates.io-index"
checksum = "f0e60b75072ecd4168020818c0107f2857bb6c4e64252d8d3983f6263b40a5c3"
dependencies = [
 "num-traits 0.2.6",
]

[[package]]
name = "arrayvec"
version = "0.4.10"
source = "registry+https://github.com/rust-lang/crates.io-index"
checksum = "92c7fb76bc8826a8b33b4ee5bb07a247a81e76764ab4d55e8f73e3a4d8808c71"
dependencies = [
 "nodrop",
]

[[package]]
name = "autocfg"
version = "0.1.2"
source = "registry+https://github.com/rust-lang/crates.io-index"
checksum = "a6d640bee2da49f60a4068a7fae53acde8982514ab7bae8b8cea9e88cbcfd799"

[[package]]
name = "backtrace"
version = "0.3.15"
source = "registry+https://github.com/rust-lang/crates.io-index"
checksum = "f106c02a3604afcdc0df5d36cc47b44b55917dbaf3d808f71c163a0ddba64637"
dependencies = [
 "autocfg",
 "backtrace-sys",
 "cfg-if",
 "libc",
 "rustc-demangle",
 "winapi",
]

[[package]]
name = "backtrace-sys"
version = "0.1.28"
source = "registry+https://github.com/rust-lang/crates.io-index"
checksum = "797c830ac25ccc92a7f8a7b9862bde440715531514594a6154e3d4a54dd769b6"
dependencies = [
 "cc",
 "libc",
]

[[package]]
name = "base-x"
version = "0.2.4"
source = "registry+https://github.com/rust-lang/crates.io-index"
checksum = "d55aa264e822dbafa12db4d54767aff17c6ba55ea2d8559b3e17392c7d000e5d"

[[package]]
name = "bitflags"
version = "1.0.5"
source = "registry+https://github.com/rust-lang/crates.io-index"
checksum = "bd1fa8ad26490b0a5cfec99089952250301b6716cdeaa7c9ab229598fb82ab66"

[[package]]
name = "block"
version = "0.1.6"
source = "registry+https://github.com/rust-lang/crates.io-index"
checksum = "0d8c1fef690941d3e7788d328517591fecc684c084084702d6ff1641e993699a"

[[package]]
name = "bumpalo"
version = "2.4.1"
source = "registry+https://github.com/rust-lang/crates.io-index"
checksum = "4639720be048090544634e0402490838995ccdc9d2fe648f528f30d3c33ae71f"

[[package]]
name = "byteorder"
version = "0.4.2"
source = "registry+https://github.com/rust-lang/crates.io-index"
checksum = "96c8b41881888cc08af32d47ac4edd52bc7fa27fef774be47a92443756451304"

[[package]]
name = "byteorder"
version = "1.3.1"
source = "registry+https://github.com/rust-lang/crates.io-index"
checksum = "a019b10a2a7cdeb292db131fc8113e57ea2a908f6e7894b0c3c671893b65dbeb"

[[package]]
name = "cc"
version = "1.0.36"
source = "registry+https://github.com/rust-lang/crates.io-index"
checksum = "a0c56216487bb80eec9c4516337b2588a4f2a2290d72a1416d930e4dcdb0c90d"

[[package]]
name = "cfg-if"
version = "0.1.7"
source = "registry+https://github.com/rust-lang/crates.io-index"
checksum = "11d43355396e872eefb45ce6342e4374ed7bc2b3a502d1b28e36d6e23c05d1f4"

[[package]]
name = "cgl"
version = "0.2.3"
source = "registry+https://github.com/rust-lang/crates.io-index"
checksum = "55e7ec0b74fe5897894cbc207092c577e87c52f8a59e8ca8d97ef37551f60a49"
dependencies = [
 "gleam",
 "libc",
]

[[package]]
name = "cloudabi"
version = "0.0.3"
source = "registry+https://github.com/rust-lang/crates.io-index"
checksum = "ddfc5b9aa5d4507acaf872de71051dfd0e309860e88966e1051e462a077aac4f"
dependencies = [
 "bitflags",
]

[[package]]
name = "cocoa"
version = "0.18.4"
source = "registry+https://github.com/rust-lang/crates.io-index"
checksum = "cf79daa4e11e5def06e55306aa3601b87de6b5149671529318da048f67cdd77b"
dependencies = [
 "bitflags",
 "block",
 "core-foundation",
 "core-graphics",
 "foreign-types",
 "libc",
 "objc",
]

[[package]]
name = "color_quant"
version = "1.0.1"
source = "registry+https://github.com/rust-lang/crates.io-index"
checksum = "0dbbb57365263e881e805dc77d94697c9118fd94d8da011240555aa7b23445bd"

[[package]]
name = "conrod"
version = "0.61.1"
source = "registry+https://github.com/rust-lang/crates.io-index"
checksum = "d4cd54996c99c3dac7e1f4ad1781979509639a43cdeca107036f3de526a534cd"
dependencies = [
 "conrod_derive 0.1.2",
 "daggy",
 "fnv",
 "num 0.1.42",
 "pistoncore-input 0.21.0",
 "rusttype 0.5.2",
]

[[package]]
name = "conrod_derive"
version = "0.1.2"
source = "registry+https://github.com/rust-lang/crates.io-index"
checksum = "53b7c11bc6fb4e9ef60cb6caf5dd304ca451946e0f951d82deaabd5b7460ce87"
dependencies = [
 "quote 0.5.2",
 "syn 0.13.11",
]

[[package]]
name = "conrod_derive"
version = "0.63.0"
source = "registry+https://github.com/rust-lang/crates.io-index"
checksum = "aadc989d34015ed114ec7bc15e8c5568a4e4258d2e14ae4ed13b18995f4ddbc5"
dependencies = [
 "proc-macro2 0.4.29",
 "quote 0.6.12",
 "syn 0.15.33",
]

[[package]]
name = "core-foundation"
version = "0.6.4"
source = "registry+https://github.com/rust-lang/crates.io-index"
checksum = "25b9e03f145fd4f2bf705e07b900cd41fc636598fe5dc452fd0db1441c3f496d"
dependencies = [
 "core-foundation-sys",
 "libc",
]

[[package]]
name = "core-foundation-sys"
version = "0.6.2"
source = "registry+https://github.com/rust-lang/crates.io-index"
checksum = "e7ca8a5221364ef15ce201e8ed2f609fc312682a8f4e0e3d4aa5879764e0fa3b"

[[package]]
name = "core-graphics"
version = "0.17.3"
source = "registry+https://github.com/rust-lang/crates.io-index"
checksum = "56790968ab1c8a1202a102e6de05fc6e1ec87da99e4e93e9a7d13efbfc1e95a9"
dependencies = [
 "bitflags",
 "core-foundation",
 "foreign-types",
 "libc",
]

[[package]]
name = "crossbeam-deque"
version = "0.2.0"
source = "registry+https://github.com/rust-lang/crates.io-index"
checksum = "f739f8c5363aca78cfb059edf753d8f0d36908c348f3d8d1503f03d8b75d9cf3"
dependencies = [
 "crossbeam-epoch 0.3.1",
 "crossbeam-utils 0.2.2",
]

[[package]]
name = "crossbeam-deque"
version = "0.7.1"
source = "registry+https://github.com/rust-lang/crates.io-index"
checksum = "b18cd2e169ad86297e6bc0ad9aa679aee9daa4f19e8163860faf7c164e4f5a71"
dependencies = [
 "crossbeam-epoch 0.7.1",
 "crossbeam-utils 0.6.5",
]

[[package]]
name = "crossbeam-epoch"
version = "0.3.1"
source = "registry+https://github.com/rust-lang/crates.io-index"
checksum = "927121f5407de9956180ff5e936fe3cf4324279280001cd56b669d28ee7e9150"
dependencies = [
 "arrayvec",
 "cfg-if",
 "crossbeam-utils 0.2.2",
 "lazy_static",
 "memoffset",
 "nodrop",
 "scopeguard",
]

[[package]]
name = "crossbeam-epoch"
version = "0.7.1"
source = "registry+https://github.com/rust-lang/crates.io-index"
checksum = "04c9e3102cc2d69cd681412141b390abd55a362afc1540965dad0ad4d34280b4"
dependencies = [
 "arrayvec",
 "cfg-if",
 "crossbeam-utils 0.6.5",
 "lazy_static",
 "memoffset",
 "scopeguard",
]

[[package]]
name = "crossbeam-utils"
version = "0.2.2"
source = "registry+https://github.com/rust-lang/crates.io-index"
checksum = "2760899e32a1d58d5abb31129f8fae5de75220bc2176e77ff7c627ae45c918d9"
dependencies = [
 "cfg-if",
]

[[package]]
name = "crossbeam-utils"
version = "0.6.5"
source = "registry+https://github.com/rust-lang/crates.io-index"
checksum = "f8306fcef4a7b563b76b7dd949ca48f52bc1141aa067d2ea09565f3e2652aa5c"
dependencies = [
 "cfg-if",
 "lazy_static",
]

[[package]]
name = "daggy"
version = "0.5.0"
source = "registry+https://github.com/rust-lang/crates.io-index"
checksum = "9293a0da7d1bc1f30090ece4d9f9de79a07be7302ddb00e5eb1fefb6ee6409e2"
dependencies = [
 "petgraph",
]

[[package]]
name = "deflate"
version = "0.7.19"
source = "registry+https://github.com/rust-lang/crates.io-index"
checksum = "8a6abb26e16e8d419b5c78662aa9f82857c2386a073da266840e474d5055ec86"
dependencies = [
 "adler32",
 "byteorder 1.3.1",
]

[[package]]
name = "discard"
version = "1.0.4"
source = "registry+https://github.com/rust-lang/crates.io-index"
checksum = "212d0f5754cb6769937f4501cc0e67f4f4483c8d2c3e1e922ee9edbe4ab4c7c0"

[[package]]
name = "dlib"
version = "0.4.1"
source = "registry+https://github.com/rust-lang/crates.io-index"
checksum = "77e51249a9d823a4cb79e3eca6dcd756153e8ed0157b6c04775d04bf1b13b76a"
dependencies = [
 "libloading",
]

[[package]]
name = "downcast-rs"
version = "1.0.4"
source = "registry+https://github.com/rust-lang/crates.io-index"
checksum = "f2b92dfd5c2f75260cbf750572f95d387e7ca0ba5e3fbe9e1a33f23025be020f"

[[package]]
name = "either"
version = "1.5.2"
source = "registry+https://github.com/rust-lang/crates.io-index"
checksum = "5527cfe0d098f36e3f8839852688e63c8fff1c90b2b405aef730615f9a7bcf7b"

[[package]]
name = "failure"
version = "0.1.5"
source = "registry+https://github.com/rust-lang/crates.io-index"
checksum = "795bd83d3abeb9220f257e597aa0080a508b27533824adf336529648f6abf7e2"
dependencies = [
 "backtrace",
 "failure_derive",
]

[[package]]
name = "failure_derive"
version = "0.1.5"
source = "registry+https://github.com/rust-lang/crates.io-index"
checksum = "ea1063915fd7ef4309e222a5a07cf9c319fb9c7836b1f89b85458672dbb127e1"
dependencies = [
 "proc-macro2 0.4.29",
 "quote 0.6.12",
 "syn 0.15.33",
 "synstructure",
]

[[package]]
name = "fixedbitset"
version = "0.1.9"
source = "registry+https://github.com/rust-lang/crates.io-index"
checksum = "86d4de0081402f5e88cdac65c8dcdcc73118c1a7a465e2a05f0da05843a8ea33"

[[package]]
name = "fnv"
version = "1.0.6"
source = "registry+https://github.com/rust-lang/crates.io-index"
checksum = "2fad85553e09a6f881f739c29f0b00b0f01357c743266d478b68951ce23285f3"

[[package]]
name = "foreign-types"
version = "0.3.2"
source = "registry+https://github.com/rust-lang/crates.io-index"
checksum = "f6f339eb8adc052cd2ca78910fda869aefa38d22d5cb648e6485e4d3fc06f3b1"
dependencies = [
 "foreign-types-shared",
]

[[package]]
name = "foreign-types-shared"
version = "0.1.1"
source = "registry+https://github.com/rust-lang/crates.io-index"
checksum = "00b0228411908ca8685dba7fc2cdd70ec9990a6e753e89b6ac91a84c40fbaf4b"

[[package]]
name = "fuchsia-cprng"
version = "0.1.1"
source = "registry+https://github.com/rust-lang/crates.io-index"
checksum = "a06f77d526c1a601b7c4cdd98f54b5eaabffc14d5f2f0296febdc7f357c6d3ba"

[[package]]
name = "gcc"
version = "0.3.55"
source = "registry+https://github.com/rust-lang/crates.io-index"
checksum = "8f5f3913fa0bfe7ee1fd8248b6b9f42a5af4b9d65ec2dd2c3c26132b950ecfc2"

[[package]]
name = "gdal"
version = "0.6.0"
source = "registry+https://github.com/rust-lang/crates.io-index"
checksum = "ade14d6996db3d8cb123b4d6c5d10532a8ae94d9b23e834eed0c8c299d5e4756"
dependencies = [
 "failure",
 "failure_derive",
 "gdal-sys",
 "geo-types",
 "libc",
 "num-traits 0.2.6",
]

[[package]]
name = "gdal-sys"
version = "0.2.0"
source = "registry+https://github.com/rust-lang/crates.io-index"
checksum = "f14384767373cfd3f2055aeac829d8cb146e80f73bb70ddaa000b9efa51f0979"
dependencies = [
 "libc",
 "pkg-config",
]

[[package]]
name = "generic-array"
version = "0.12.0"
source = "registry+https://github.com/rust-lang/crates.io-index"
checksum = "3c0f28c2f5bfb5960175af447a2da7c18900693738343dc896ffbcabd9839592"
dependencies = [
 "typenum",
]

[[package]]
name = "geo"
version = "0.12.1"
source = "registry+https://github.com/rust-lang/crates.io-index"
checksum = "871d67ed9ba82ef31581054a71836aa099a016019fd720ebe025b0659453902c"
dependencies = [
 "failure",
 "geo-types",
 "num-traits 0.2.6",
 "rstar",
]

[[package]]
name = "geo-types"
version = "0.4.2"
source = "registry+https://github.com/rust-lang/crates.io-index"
checksum = "0de30109bb1ad14714d185cd238590d834bc459326def58754feb2de21c7110a"
dependencies = [
 "num-traits 0.2.6",
 "rstar",
]

[[package]]
name = "gif"
version = "0.10.1"
source = "registry+https://github.com/rust-lang/crates.io-index"
checksum = "dd4bca55ac1f213920ce3527ccd62386f1f15fa3f1714aeee1cf93f2c416903f"
dependencies = [
 "color_quant",
 "lzw",
]

[[package]]
name = "gl"
version = "0.11.0"
source = "registry+https://github.com/rust-lang/crates.io-index"
checksum = "d7d8c8e25e8ed44d4813809205090162723a866fb4be3a9d8bb983c9a0bf98f1"
dependencies = [
 "gl_generator 0.10.0",
]

[[package]]
name = "gl_generator"
version = "0.10.0"
source = "registry+https://github.com/rust-lang/crates.io-index"
checksum = "a0ffaf173cf76c73a73e080366bf556b4776ece104b06961766ff11449f38604"
dependencies = [
 "khronos_api",
 "log",
 "xml-rs",
]

[[package]]
name = "gl_generator"
version = "0.11.0"
source = "registry+https://github.com/rust-lang/crates.io-index"
checksum = "39a23d5e872a275135d66895d954269cf5e8661d234eb1c2480f4ce0d586acbd"
dependencies = [
 "khronos_api",
 "log",
 "xml-rs",
]

[[package]]
name = "gleam"
version = "0.6.17"
source = "registry+https://github.com/rust-lang/crates.io-index"
checksum = "7f46fd8874e043ffac0d638ed1567a2584f7814f6d72b4db37ab1689004a26c4"
dependencies = [
 "gl_generator 0.11.0",
]

[[package]]
name = "glutin"
version = "0.19.0"
source = "registry+https://github.com/rust-lang/crates.io-index"
checksum = "535c6eda58adbb227604b2db10a022ffd6339d7ea3e970f338e7d98aeb24fcc3"
dependencies = [
 "android_glue",
 "cgl",
 "cocoa",
 "core-foundation",
 "core-graphics",
 "gl_generator 0.10.0",
 "lazy_static",
 "libc",
 "objc",
 "osmesa-sys",
 "shared_library",
 "wayland-client",
 "winapi",
 "winit",
 "x11-dl",
]

[[package]]
name = "image"
version = "0.21.1"
source = "registry+https://github.com/rust-lang/crates.io-index"
checksum = "293e54ce142a936a39da748ba8178ae6aa1914b82d846a4278f11590c89bf116"
dependencies = [
 "byteorder 1.3.1",
 "gif",
 "jpeg-decoder",
 "lzw",
 "num-iter",
 "num-rational 0.2.1",
 "num-traits 0.2.6",
 "png",
 "scoped_threadpool",
 "tiff",
]

[[package]]
name = "inflate"
version = "0.4.5"
source = "registry+https://github.com/rust-lang/crates.io-index"
checksum = "1cdb29978cc5797bd8dcc8e5bf7de604891df2a8dc576973d71a281e916db2ff"
dependencies = [
 "adler32",
]

[[package]]
name = "instant"
version = "0.1.1"
source = "registry+https://github.com/rust-lang/crates.io-index"
checksum = "d6706e8fb9de9be6143801a75747fa2209855b13d74ee994e30d86b38afdf77f"
dependencies = [
 "stdweb",
]

[[package]]
name = "itoa"
version = "0.4.4"
source = "registry+https://github.com/rust-lang/crates.io-index"
checksum = "501266b7edd0174f8530248f87f99c88fbe60ca4ef3dd486835b8d8d53136f7f"

[[package]]
name = "jpeg-decoder"
version = "0.1.15"
source = "registry+https://github.com/rust-lang/crates.io-index"
checksum = "c8b7d43206b34b3f94ea9445174bda196e772049b9bddbc620c9d29b2d20110d"
dependencies = [
 "byteorder 1.3.1",
 "rayon",
]

[[package]]
name = "khronos_api"
version = "3.1.0"
source = "registry+https://github.com/rust-lang/crates.io-index"
checksum = "e2db585e1d738fc771bf08a151420d3ed193d9d895a36df7f6f8a9456b911ddc"

[[package]]
name = "kiss3d"
version = "0.20.1"
dependencies = [
 "bitflags",
 "gl",
 "glutin",
 "image",
 "instant",
 "kiss3d_conrod",
 "libc",
 "nalgebra",
 "ncollide3d",
 "num-traits 0.2.6",
 "rusttype 0.7.6",
 "serde",
 "serde_derive",
 "stdweb",
 "stdweb-derive",
]

[[package]]
name = "kiss3d_conrod"
version = "0.63.0"
source = "registry+https://github.com/rust-lang/crates.io-index"
checksum = "0897438d5e8dec66a5bf23f34cc83f5da8d8ad142ceb30e30dce22cdb051e185"
dependencies = [
 "conrod_derive 0.63.0",
 "daggy",
 "fnv",
 "instant",
 "num 0.2.0",
 "pistoncore-input 0.24.0",
 "rusttype 0.7.6",
]

[[package]]
name = "lazy_static"
version = "1.3.0"
source = "registry+https://github.com/rust-lang/crates.io-index"
checksum = "bc5729f27f159ddd61f4df6228e827e86643d4d3e7c32183cb30a1c08f604a14"

[[package]]
name = "libc"
version = "0.2.54"
source = "registry+https://github.com/rust-lang/crates.io-index"
checksum = "c6785aa7dd976f5fbf3b71cfd9cd49d7f783c1ff565a858d71031c6c313aa5c6"

[[package]]
name = "libloading"
version = "0.5.0"
source = "registry+https://github.com/rust-lang/crates.io-index"
checksum = "9c3ad660d7cb8c5822cd83d10897b0f1f1526792737a179e73896152f85b88c2"
dependencies = [
 "cc",
 "winapi",
]

[[package]]
name = "libm"
version = "0.1.2"
source = "registry+https://github.com/rust-lang/crates.io-index"
checksum = "03c0bb6d5ce1b5cc6fd0578ec1cbc18c9d88b5b591a5c7c1d6c6175e266a0819"

[[package]]
name = "line_drawing"
version = "0.7.0"
source = "registry+https://github.com/rust-lang/crates.io-index"
checksum = "5cc7ad3d82c845bdb5dde34ffdcc7a5fb4d2996e1e1ee0f19c33bc80e15196b9"
dependencies = [
 "num-traits 0.2.6",
]

[[package]]
name = "linked-hash-map"
version = "0.5.4"
source = "registry+https://github.com/rust-lang/crates.io-index"
checksum = "7fb9b38af92608140b86b693604b9ffcc5824240a484d1ecd4795bacb2fe88f3"

[[package]]
name = "lock_api"
version = "0.1.5"
source = "registry+https://github.com/rust-lang/crates.io-index"
checksum = "62ebf1391f6acad60e5c8b43706dde4582df75c06698ab44511d15016bc2442c"
dependencies = [
 "owning_ref",
 "scopeguard",
]

[[package]]
name = "log"
version = "0.4.6"
source = "registry+https://github.com/rust-lang/crates.io-index"
checksum = "c84ec4b527950aa83a329754b01dbe3f58361d1c5efacd1f6d68c494d08a17c6"
dependencies = [
 "cfg-if",
]

[[package]]
name = "lzw"
version = "0.10.0"
source = "registry+https://github.com/rust-lang/crates.io-index"
checksum = "7d947cbb889ed21c2a84be6ffbaebf5b4e0f4340638cba0444907e38b56be084"

[[package]]
name = "malloc_buf"
version = "0.0.6"
source = "registry+https://github.com/rust-lang/crates.io-index"
checksum = "62bb907fe88d54d8d9ce32a3cceab4218ed2f6b7d35617cafe9adf84e43919cb"
dependencies = [
 "libc",
]

[[package]]
name = "matrixmultiply"
version = "0.2.2"
source = "registry+https://github.com/rust-lang/crates.io-index"
checksum = "dcfed72d871629daa12b25af198f110e8095d7650f5f4c61c5bac28364604f9b"
dependencies = [
 "rawpointer",
]

[[package]]
name = "memmap"
version = "0.7.0"
source = "registry+https://github.com/rust-lang/crates.io-index"
checksum = "6585fd95e7bb50d6cc31e20d4cf9afb4e2ba16c5846fc76793f11218da9c475b"
dependencies = [
 "libc",
 "winapi",
]

[[package]]
name = "memoffset"
version = "0.2.1"
source = "registry+https://github.com/rust-lang/crates.io-index"
checksum = "0f9dc261e2b62d7a622bf416ea3c5245cdd5d9a7fcc428c0d06804dfce1775b3"

[[package]]
name = "nalgebra"
version = "0.18.0"
source = "registry+https://github.com/rust-lang/crates.io-index"
checksum = "8e12856109b5cb8e2934b5e45e4624839416e1c6c1f7d286711a7a66b79db29d"
dependencies = [
 "alga",
 "approx 0.3.2",
 "generic-array",
 "matrixmultiply",
 "num-complex 0.2.1",
 "num-traits 0.2.6",
 "rand 0.6.5",
 "typenum",
]

[[package]]
name = "ncollide3d"
version = "0.19.1"
source = "registry+https://github.com/rust-lang/crates.io-index"
checksum = "9f2053a472c524175e1b77e52e3106799d88c14e9352adfa73f22403706f640a"
dependencies = [
 "alga",
 "approx 0.3.2",
 "bitflags",
 "downcast-rs",
 "either",
 "nalgebra",
 "num-traits 0.2.6",
 "petgraph",
 "rand 0.6.5",
 "slab",
 "smallvec",
]

[[package]]
name = "nfd"
version = "0.0.4"
source = "registry+https://github.com/rust-lang/crates.io-index"
checksum = "8e752e3c216bc8a491c5b59fa46da10f1379ae450b19ac688e07f4bb55042e98"
dependencies = [
 "gcc",
]

[[package]]
name = "nix"
version = "0.13.0"
source = "registry+https://github.com/rust-lang/crates.io-index"
checksum = "46f0f3210768d796e8fa79ec70ee6af172dacbe7147f5e69be5240a47778302b"
dependencies = [
 "bitflags",
 "cc",
 "cfg-if",
 "libc",
 "void",
]

[[package]]
name = "nodrop"
version = "0.1.13"
source = "registry+https://github.com/rust-lang/crates.io-index"
checksum = "2f9667ddcc6cc8a43afc9b7917599d7216aa09c463919ea32c59ed6cac8bc945"

[[package]]
name = "num"
version = "0.1.42"
source = "registry+https://github.com/rust-lang/crates.io-index"
checksum = "4703ad64153382334aa8db57c637364c322d3372e097840c72000dabdcf6156e"
dependencies = [
 "num-bigint 0.1.44",
 "num-complex 0.1.43",
 "num-integer",
 "num-iter",
 "num-rational 0.1.42",
 "num-traits 0.2.6",
]

[[package]]
name = "num"
version = "0.2.0"
source = "registry+https://github.com/rust-lang/crates.io-index"
checksum = "cf4825417e1e1406b3782a8ce92f4d53f26ec055e3622e1881ca8e9f5f9e08db"
dependencies = [
 "num-bigint 0.2.2",
 "num-complex 0.2.1",
 "num-integer",
 "num-iter",
 "num-rational 0.2.1",
 "num-traits 0.2.6",
]

[[package]]
name = "num-bigint"
version = "0.1.44"
source = "registry+https://github.com/rust-lang/crates.io-index"
checksum = "e63899ad0da84ce718c14936262a41cee2c79c981fc0a0e7c7beb47d5a07e8c1"
dependencies = [
 "num-integer",
 "num-traits 0.2.6",
 "rand 0.4.6",
 "rustc-serialize",
]

[[package]]
name = "num-bigint"
version = "0.2.2"
source = "registry+https://github.com/rust-lang/crates.io-index"
checksum = "57450397855d951f1a41305e54851b1a7b8f5d2e349543a02a2effe25459f718"
dependencies = [
 "num-integer",
 "num-traits 0.2.6",
]

[[package]]
name = "num-complex"
version = "0.1.43"
source = "registry+https://github.com/rust-lang/crates.io-index"
checksum = "b288631d7878aaf59442cffd36910ea604ecd7745c36054328595114001c9656"
dependencies = [
 "num-traits 0.2.6",
 "rustc-serialize",
]

[[package]]
name = "num-complex"
version = "0.2.1"
source = "registry+https://github.com/rust-lang/crates.io-index"
checksum = "107b9be86cd2481930688277b675b0114578227f034674726605b8a482d8baf8"
dependencies = [
 "num-traits 0.2.6",
]

[[package]]
name = "num-derive"
version = "0.2.5"
source = "registry+https://github.com/rust-lang/crates.io-index"
checksum = "eafd0b45c5537c3ba526f79d3e75120036502bebacbb3f3220914067ce39dbf2"
dependencies = [
 "proc-macro2 0.4.29",
 "quote 0.6.12",
 "syn 0.15.33",
]

[[package]]
name = "num-integer"
version = "0.1.39"
source = "registry+https://github.com/rust-lang/crates.io-index"
checksum = "e83d528d2677f0518c570baf2b7abdcf0cd2d248860b68507bdcb3e91d4c0cea"
dependencies = [
 "num-traits 0.2.6",
]

[[package]]
name = "num-iter"
version = "0.1.37"
source = "registry+https://github.com/rust-lang/crates.io-index"
checksum = "af3fdbbc3291a5464dc57b03860ec37ca6bf915ed6ee385e7c6c052c422b2124"
dependencies = [
 "num-integer",
 "num-traits 0.2.6",
]

[[package]]
name = "num-rational"
version = "0.1.42"
source = "registry+https://github.com/rust-lang/crates.io-index"
checksum = "ee314c74bd753fc86b4780aa9475da469155f3848473a261d2d18e35245a784e"
dependencies = [
 "num-bigint 0.1.44",
 "num-integer",
 "num-traits 0.2.6",
 "rustc-serialize",
]

[[package]]
name = "num-rational"
version = "0.2.1"
source = "registry+https://github.com/rust-lang/crates.io-index"
checksum = "4e96f040177bb3da242b5b1ecf3f54b5d5af3efbbfb18608977a5d2767b22f10"
dependencies = [
 "num-bigint 0.2.2",
 "num-integer",
 "num-traits 0.2.6",
]

[[package]]
name = "num-traits"
version = "0.1.43"
source = "registry+https://github.com/rust-lang/crates.io-index"
checksum = "92e5113e9fd4cc14ded8e499429f396a20f98c772a47cc8622a736e1ec843c31"
dependencies = [
 "num-traits 0.2.6",
]

[[package]]
name = "num-traits"
version = "0.2.6"
source = "registry+https://github.com/rust-lang/crates.io-index"
checksum = "0b3a5d7cc97d6d30d8b9bc8fa19bf45349ffe46241e8816f50f62f6d6aaabee1"

[[package]]
name = "num_cpus"
version = "1.10.0"
source = "registry+https://github.com/rust-lang/crates.io-index"
checksum = "1a23f0ed30a54abaa0c7e83b1d2d87ada7c3c23078d1d87815af3e3b6385fbba"
dependencies = [
 "libc",
]

[[package]]
name = "objc"
version = "0.2.6"
source = "registry+https://github.com/rust-lang/crates.io-index"
checksum = "31d20fd2b37e07cf5125be68357b588672e8cefe9a96f8c17a9d46053b3e590d"
dependencies = [
 "malloc_buf",
]

[[package]]
name = "ordered-float"
version = "0.5.2"
source = "registry+https://github.com/rust-lang/crates.io-index"
checksum = "7eb5259643245d3f292c7a146b2df53bba24d7eab159410e648eb73dc164669d"
dependencies = [
 "num-traits 0.1.43",
 "unreachable",
]

[[package]]
name = "ordered-float"
version = "1.0.2"
source = "registry+https://github.com/rust-lang/crates.io-index"
checksum = "18869315e81473c951eb56ad5558bbc56978562d3ecfb87abb7a1e944cea4518"
dependencies = [
 "num-traits 0.2.6",
]

[[package]]
name = "ordermap"
version = "0.3.5"
source = "registry+https://github.com/rust-lang/crates.io-index"
checksum = "a86ed3f5f244b372d6b1a00b72ef7f8876d0bc6a78a4c9985c53614041512063"

[[package]]
name = "osmesa-sys"
version = "0.1.2"
source = "registry+https://github.com/rust-lang/crates.io-index"
checksum = "88cfece6e95d2e717e0872a7f53a8684712ad13822a7979bc760b9c77ec0013b"
dependencies = [
 "shared_library",
]

[[package]]
name = "owning_ref"
version = "0.4.0"
source = "registry+https://github.com/rust-lang/crates.io-index"
checksum = "49a4b8ea2179e6a2e27411d3bca09ca6dd630821cf6894c6c7c8467a8ee7ef13"
dependencies = [
 "stable_deref_trait",
]

[[package]]
name = "parking_lot"
version = "0.7.1"
source = "registry+https://github.com/rust-lang/crates.io-index"
checksum = "ab41b4aed082705d1056416ae4468b6ea99d52599ecf3169b00088d43113e337"
dependencies = [
 "lock_api",
 "parking_lot_core",
]

[[package]]
name = "parking_lot_core"
version = "0.4.0"
source = "registry+https://github.com/rust-lang/crates.io-index"
checksum = "94c8c7923936b28d546dfd14d4472eaf34c99b14e1c973a32b3e6d4eb04298c9"
dependencies = [
 "libc",
 "rand 0.6.5",
 "rustc_version",
 "smallvec",
 "winapi",
]

[[package]]
name = "pdqselect"
version = "0.1.0"
source = "registry+https://github.com/rust-lang/crates.io-index"
checksum = "4ec91767ecc0a0bbe558ce8c9da33c068066c57ecc8bb8477ef8c1ad3ef77c27"

[[package]]
name = "percent-encoding"
version = "1.0.1"
source = "registry+https://github.com/rust-lang/crates.io-index"
checksum = "31010dd2e1ac33d5b46a5b413495239882813e0369f8ed8a5e266f173602f831"

[[package]]
name = "petgraph"
version = "0.4.13"
source = "registry+https://github.com/rust-lang/crates.io-index"
checksum = "9c3659d1ee90221741f65dd128d9998311b0e40c5d3c23a62445938214abce4f"
dependencies = [
 "fixedbitset",
 "ordermap",
]

[[package]]
name = "piston-float"
version = "0.3.0"
source = "registry+https://github.com/rust-lang/crates.io-index"
checksum = "b058c3a640efd4bcf63266512e4bb03187192c1b29edd38b16d5a014613e3199"

[[package]]
name = "piston-viewport"
version = "0.3.0"
source = "registry+https://github.com/rust-lang/crates.io-index"
checksum = "9c5548a838fd9dc604c96d886c03c303f043a2d85f88719cca59dc7991d86343"
dependencies = [
 "piston-float",
]

[[package]]
name = "piston-viewport"
version = "0.5.0"
source = "registry+https://github.com/rust-lang/crates.io-index"
checksum = "7d96dd995f7dabe6d57cda668ec0fda39d6fe6e1e0b23f772582f383f2013611"
dependencies = [
 "piston-float",
]

[[package]]
name = "pistoncore-input"
version = "0.21.0"
source = "registry+https://github.com/rust-lang/crates.io-index"
checksum = "43baddd80b6b45b8aaa897ca952aa90397b843a9ddfbb2b4f8ce5610aaf64872"
dependencies = [
 "bitflags",
 "piston-viewport 0.3.0",
 "serde",
 "serde_derive",
]

[[package]]
name = "pistoncore-input"
version = "0.24.0"
source = "registry+https://github.com/rust-lang/crates.io-index"
checksum = "0c612ce242c7bac8e96426a0ca34275fd980af440f0cca7c6c0e840ef8a4052f"
dependencies = [
 "bitflags",
 "piston-viewport 0.5.0",
 "serde",
 "serde_derive",
]

[[package]]
name = "pkg-config"
version = "0.3.14"
source = "registry+https://github.com/rust-lang/crates.io-index"
checksum = "676e8eb2b1b4c9043511a9b7bea0915320d7e502b0a079fb03f9635a5252b18c"

[[package]]
name = "png"
version = "0.14.1"
source = "registry+https://github.com/rust-lang/crates.io-index"
checksum = "63daf481fdd0defa2d1d2be15c674fbfa1b0fd71882c303a91f9a79b3252c359"
dependencies = [
 "bitflags",
 "deflate",
 "inflate",
 "num-iter",
]

[[package]]
name = "proc-macro2"
version = "0.3.8"
source = "registry+https://github.com/rust-lang/crates.io-index"
checksum = "1b06e2f335f48d24442b35a19df506a835fb3547bc3c06ef27340da9acf5cae7"
dependencies = [
 "unicode-xid",
]

[[package]]
name = "proc-macro2"
version = "0.4.29"
source = "registry+https://github.com/rust-lang/crates.io-index"
checksum = "64c827cea7a7ab30ce4593e5e04d7a11617ad6ece2fa230605a78b00ff965316"
dependencies = [
 "unicode-xid",
]

[[package]]
name = "quote"
version = "0.5.2"
source = "registry+https://github.com/rust-lang/crates.io-index"
checksum = "9949cfe66888ffe1d53e6ec9d9f3b70714083854be20fd5e271b232a017401e8"
dependencies = [
 "proc-macro2 0.3.8",
]

[[package]]
name = "quote"
version = "0.6.12"
source = "registry+https://github.com/rust-lang/crates.io-index"
checksum = "faf4799c5d274f3868a4aae320a0a182cbd2baee377b378f080e16a23e9d80db"
dependencies = [
 "proc-macro2 0.4.29",
]

[[package]]
name = "rand"
version = "0.4.6"
source = "registry+https://github.com/rust-lang/crates.io-index"
checksum = "552840b97013b1a26992c11eac34bdd778e464601a4c2054b5f0bff7c6761293"
dependencies = [
 "fuchsia-cprng",
 "libc",
 "rand_core 0.3.1",
 "rdrand",
 "winapi",
]

[[package]]
name = "rand"
version = "0.6.5"
source = "registry+https://github.com/rust-lang/crates.io-index"
checksum = "6d71dacdc3c88c1fde3885a3be3fbab9f35724e6ce99467f7d9c5026132184ca"
dependencies = [
 "autocfg",
 "libc",
 "rand_chacha",
 "rand_core 0.4.0",
 "rand_hc",
 "rand_isaac",
 "rand_jitter",
 "rand_os",
 "rand_pcg",
 "rand_xorshift",
 "winapi",
]

[[package]]
name = "rand_chacha"
version = "0.1.1"
source = "registry+https://github.com/rust-lang/crates.io-index"
checksum = "556d3a1ca6600bfcbab7c7c91ccb085ac7fbbcd70e008a98742e7847f4f7bcef"
dependencies = [
 "autocfg",
 "rand_core 0.3.1",
]

[[package]]
name = "rand_core"
version = "0.3.1"
source = "registry+https://github.com/rust-lang/crates.io-index"
checksum = "7a6fdeb83b075e8266dcc8762c22776f6877a63111121f5f8c7411e5be7eed4b"
dependencies = [
 "rand_core 0.4.0",
]

[[package]]
name = "rand_core"
version = "0.4.0"
source = "registry+https://github.com/rust-lang/crates.io-index"
checksum = "d0e7a549d590831370895ab7ba4ea0c1b6b011d106b5ff2da6eee112615e6dc0"

[[package]]
name = "rand_hc"
version = "0.1.0"
source = "registry+https://github.com/rust-lang/crates.io-index"
checksum = "7b40677c7be09ae76218dc623efbf7b18e34bced3f38883af07bb75630a21bc4"
dependencies = [
 "rand_core 0.3.1",
]

[[package]]
name = "rand_isaac"
version = "0.1.1"
source = "registry+https://github.com/rust-lang/crates.io-index"
checksum = "ded997c9d5f13925be2a6fd7e66bf1872597f759fd9dd93513dd7e92e5a5ee08"
dependencies = [
 "rand_core 0.3.1",
]

[[package]]
name = "rand_jitter"
version = "0.1.4"
source = "registry+https://github.com/rust-lang/crates.io-index"
checksum = "1166d5c91dc97b88d1decc3285bb0a99ed84b05cfd0bc2341bdf2d43fc41e39b"
dependencies = [
 "libc",
 "rand_core 0.4.0",
 "winapi",
]

[[package]]
name = "rand_os"
version = "0.1.3"
source = "registry+https://github.com/rust-lang/crates.io-index"
checksum = "7b75f676a1e053fc562eafbb47838d67c84801e38fc1ba459e8f180deabd5071"
dependencies = [
 "cloudabi",
 "fuchsia-cprng",
 "libc",
 "rand_core 0.4.0",
 "rdrand",
 "winapi",
]

[[package]]
name = "rand_pcg"
version = "0.1.2"
source = "registry+https://github.com/rust-lang/crates.io-index"
checksum = "abf9b09b01790cfe0364f52bf32995ea3c39f4d2dd011eac241d2914146d0b44"
dependencies = [
 "autocfg",
 "rand_core 0.4.0",
]

[[package]]
name = "rand_xorshift"
version = "0.1.1"
source = "registry+https://github.com/rust-lang/crates.io-index"
checksum = "cbf7e9e623549b0e21f6e97cf8ecf247c1a8fd2e8a992ae265314300b2455d5c"
dependencies = [
 "rand_core 0.3.1",
]

[[package]]
name = "rawpointer"
version = "0.1.0"
source = "registry+https://github.com/rust-lang/crates.io-index"
checksum = "ebac11a9d2e11f2af219b8b8d833b76b1ea0e054aa0e8d8e9e4cbde353bdf019"

[[package]]
name = "rayon"
version = "1.0.3"
source = "registry+https://github.com/rust-lang/crates.io-index"
checksum = "373814f27745b2686b350dd261bfd24576a6fb0e2c5919b3a2b6005f820b0473"
dependencies = [
 "crossbeam-deque 0.2.0",
 "either",
 "rayon-core",
]

[[package]]
name = "rayon-core"
version = "1.4.1"
source = "registry+https://github.com/rust-lang/crates.io-index"
checksum = "b055d1e92aba6877574d8fe604a63c8b5df60f60e5982bf7ccbb1338ea527356"
dependencies = [
 "crossbeam-deque 0.2.0",
 "lazy_static",
 "libc",
 "num_cpus",
]

[[package]]
name = "rdrand"
version = "0.4.0"
source = "registry+https://github.com/rust-lang/crates.io-index"
checksum = "678054eb77286b51581ba43620cc911abf02758c91f93f479767aed0f90458b2"
dependencies = [
 "rand_core 0.3.1",
]

[[package]]
name = "rstar"
version = "0.2.0"
source = "registry+https://github.com/rust-lang/crates.io-index"
checksum = "120bfe4837befb82c5a637a5a8c490a27d25524ac19fffec5b4e555ca6e36ee8"
dependencies = [
 "num-traits 0.2.6",
 "pdqselect",
 "threadpool",
]

[[package]]
name = "rustc-demangle"
version = "0.1.14"
source = "registry+https://github.com/rust-lang/crates.io-index"
checksum = "ccc78bfd5acd7bf3e89cffcf899e5cb1a52d6fafa8dec2739ad70c9577a57288"

[[package]]
name = "rustc-hash"
version = "1.0.1"
source = "registry+https://github.com/rust-lang/crates.io-index"
checksum = "7540fc8b0c49f096ee9c961cda096467dce8084bec6bdca2fc83895fd9b28cb8"
dependencies = [
 "byteorder 1.3.1",
]

[[package]]
name = "rustc-serialize"
version = "0.3.24"
source = "registry+https://github.com/rust-lang/crates.io-index"
checksum = "dcf128d1287d2ea9d80910b5f1120d0b8eede3fbf1abe91c40d39ea7d51e6fda"

[[package]]
name = "rustc_version"
version = "0.2.3"
source = "registry+https://github.com/rust-lang/crates.io-index"
checksum = "138e3e0acb6c9fb258b19b67cb8abd63c00679d2851805ea151465464fe9030a"
dependencies = [
 "semver",
]

[[package]]
name = "rusttype"
version = "0.5.2"
source = "registry+https://github.com/rust-lang/crates.io-index"
checksum = "4667e40922320e08b358ce9cfc7d08cc37a827f223c0e113b5dee573143a534d"
dependencies = [
 "approx 0.1.1",
 "arrayvec",
 "fnv",
 "linked-hash-map",
 "ordered-float 0.5.2",
 "stb_truetype",
]

[[package]]
name = "rusttype"
version = "0.7.6"
source = "registry+https://github.com/rust-lang/crates.io-index"
checksum = "25951e85bb2647960969f72c559392245a5bd07446a589390bf427dda31cdc4a"
dependencies = [
 "approx 0.3.2",
 "arrayvec",
 "crossbeam-deque 0.7.1",
 "crossbeam-utils 0.6.5",
 "linked-hash-map",
 "num_cpus",
 "ordered-float 1.0.2",
 "rustc-hash",
 "stb_truetype",
]

[[package]]
name = "ryu"
version = "0.2.8"
source = "registry+https://github.com/rust-lang/crates.io-index"
checksum = "b96a9549dc8d48f2c283938303c4b5a77aa29bfbc5b54b084fb1630408899a8f"

[[package]]
name = "same-file"
version = "1.0.4"
source = "registry+https://github.com/rust-lang/crates.io-index"
checksum = "8f20c4be53a8a1ff4c1f1b2bd14570d2f634628709752f0702ecdd2b3f9a5267"
dependencies = [
 "winapi-util",
]

[[package]]
name = "scoped_threadpool"
version = "0.1.9"
source = "registry+https://github.com/rust-lang/crates.io-index"
checksum = "1d51f5df5af43ab3f1360b429fa5e0152ac5ce8c0bd6485cae490332e96846a8"

[[package]]
name = "scopeguard"
version = "0.3.3"
source = "registry+https://github.com/rust-lang/crates.io-index"
checksum = "94258f53601af11e6a49f722422f6e3425c52b06245a5cf9bc09908b174f5e27"

[[package]]
name = "semver"
version = "0.9.0"
source = "registry+https://github.com/rust-lang/crates.io-index"
checksum = "1d7eb9ef2c18661902cc47e535f9bc51b78acd254da71d375c2f6720d9a40403"
dependencies = [
 "semver-parser",
]

[[package]]
name = "semver-parser"
version = "0.7.0"
source = "registry+https://github.com/rust-lang/crates.io-index"
checksum = "388a1df253eca08550bef6c72392cfe7c30914bf41df5269b68cbd6ff8f570a3"

[[package]]
name = "serde"
version = "1.0.90"
source = "registry+https://github.com/rust-lang/crates.io-index"
checksum = "aa5f7c20820475babd2c077c3ab5f8c77a31c15e16ea38687b4c02d3e48680f4"

[[package]]
name = "serde_derive"
version = "1.0.90"
source = "registry+https://github.com/rust-lang/crates.io-index"
checksum = "58fc82bec244f168b23d1963b45c8bf5726e9a15a9d146a067f9081aeed2de79"
dependencies = [
 "proc-macro2 0.4.29",
 "quote 0.6.12",
 "syn 0.15.33",
]

[[package]]
name = "serde_json"
version = "1.0.39"
source = "registry+https://github.com/rust-lang/crates.io-index"
checksum = "5a23aa71d4a4d43fdbfaac00eff68ba8a06a51759a89ac3304323e800c4dd40d"
dependencies = [
 "itoa",
 "ryu",
 "serde",
]

[[package]]
name = "sha1"
version = "0.6.0"
source = "registry+https://github.com/rust-lang/crates.io-index"
checksum = "2579985fda508104f7587689507983eadd6a6e84dd35d6d115361f530916fa0d"

[[package]]
name = "shared_library"
version = "0.1.9"
source = "registry+https://github.com/rust-lang/crates.io-index"
checksum = "5a9e7e0f2bfae24d8a5b5a66c5b257a83c7412304311512a0c054cd5e619da11"
dependencies = [
 "lazy_static",
 "libc",
]

[[package]]
name = "slab"
version = "0.4.2"
source = "registry+https://github.com/rust-lang/crates.io-index"
checksum = "c111b5bd5695e56cffe5129854aa230b39c93a305372fdbb2668ca2394eea9f8"

[[package]]
name = "smallvec"
version = "0.6.9"
source = "registry+https://github.com/rust-lang/crates.io-index"
checksum = "c4488ae950c49d403731982257768f48fada354a5203fe81f9bb6f43ca9002be"

[[package]]
name = "smithay-client-toolkit"
version = "0.4.5"
source = "registry+https://github.com/rust-lang/crates.io-index"
checksum = "aa4899558362a65589b53313935099835acf999740915e134dff20cca7c6a28b"
dependencies = [
 "andrew",
 "bitflags",
 "dlib",
 "lazy_static",
 "memmap",
 "nix",
 "wayland-client",
 "wayland-commons",
 "wayland-protocols",
]

[[package]]
name = "stable_deref_trait"
version = "1.1.1"
source = "registry+https://github.com/rust-lang/crates.io-index"
checksum = "dba1a27d3efae4351c8051072d619e3ade2820635c3958d826bfea39d59b54c8"

[[package]]
name = "stb_truetype"
version = "0.2.6"
source = "registry+https://github.com/rust-lang/crates.io-index"
checksum = "69b7df505db8e81d54ff8be4693421e5b543e08214bd8d99eb761fcb4d5668ba"
dependencies = [
 "byteorder 1.3.1",
]

[[package]]
name = "stdweb"
version = "0.4.17"
source = "registry+https://github.com/rust-lang/crates.io-index"
checksum = "c34362bb10ac1a9439674795cc0e1bdcb0c46444c8fd4874ef39a01d9a8a8f24"
dependencies = [
 "discard",
 "rustc_version",
 "serde",
 "serde_json",
 "stdweb-derive",
 "stdweb-internal-macros",
 "stdweb-internal-runtime",
 "wasm-bindgen",
]

[[package]]
name = "stdweb-derive"
version = "0.5.1"
source = "registry+https://github.com/rust-lang/crates.io-index"
checksum = "0e21ebd9179de08f2300a65454268a17ea3de204627458588c84319c4def3930"
dependencies = [
 "proc-macro2 0.4.29",
 "quote 0.6.12",
 "serde",
 "serde_derive",
 "syn 0.15.33",
]

[[package]]
name = "stdweb-internal-macros"
version = "0.2.7"
source = "registry+https://github.com/rust-lang/crates.io-index"
checksum = "e68f7d08b76979a43e93fe043b66d2626e35d41d68b0b85519202c6dd8ac59fa"
dependencies = [
 "base-x",
 "proc-macro2 0.4.29",
 "quote 0.6.12",
 "serde",
 "serde_derive",
 "serde_json",
 "sha1",
 "syn 0.15.33",
]

[[package]]
name = "stdweb-internal-runtime"
version = "0.1.4"
source = "registry+https://github.com/rust-lang/crates.io-index"
checksum = "d52317523542cc0af5b7e31017ad0f7d1e78da50455e38d5657cd17754f617da"

[[package]]
name = "stl"
version = "0.2.0"
dependencies = [
 "byteorder 0.4.2",
]

[[package]]
name = "syn"
version = "0.13.11"
source = "registry+https://github.com/rust-lang/crates.io-index"
checksum = "14f9bf6292f3a61d2c716723fdb789a41bbe104168e6f496dc6497e531ea1b9b"
dependencies = [
 "proc-macro2 0.3.8",
 "quote 0.5.2",
 "unicode-xid",
]

[[package]]
name = "syn"
version = "0.15.33"
source = "registry+https://github.com/rust-lang/crates.io-index"
checksum = "ec52cd796e5f01d0067225a5392e70084acc4c0013fa71d55166d38a8b307836"
dependencies = [
 "proc-macro2 0.4.29",
 "quote 0.6.12",
 "unicode-xid",
]

[[package]]
name = "synstructure"
version = "0.10.1"
source = "registry+https://github.com/rust-lang/crates.io-index"
checksum = "73687139bf99285483c96ac0add482c3776528beac1d97d444f6e91f203a2015"
dependencies = [
 "proc-macro2 0.4.29",
 "quote 0.6.12",
 "syn 0.15.33",
 "unicode-xid",
]

[[package]]
name = "threadpool"
version = "1.7.1"
source = "registry+https://github.com/rust-lang/crates.io-index"
checksum = "e2f0c90a5f3459330ac8bc0d2f879c693bb7a2f59689c1083fc4ef83834da865"
dependencies = [
 "num_cpus",
]

[[package]]
name = "tiff"
version = "0.2.2"
source = "registry+https://github.com/rust-lang/crates.io-index"
checksum = "1e4834f28a0330cb9f3f2c87d2649dca723cb33802e2bdcf18da32759fbec7ce"
dependencies = [
 "byteorder 1.3.1",
 "lzw",
 "num-derive",
 "num-traits 0.2.6",
]

[[package]]
name = "topo"
version = "0.1.0"
dependencies = [
 "conrod",
 "gdal",
 "geo",
 "kiss3d",
 "nalgebra",
 "ncollide3d",
 "nfd",
 "rand 0.6.5",
 "stl",
]

[[package]]
name = "typenum"
version = "1.10.0"
source = "registry+https://github.com/rust-lang/crates.io-index"
checksum = "612d636f949607bdf9b123b4a6f6d966dedf3ff669f7f045890d3a4a73948169"

[[package]]
name = "unicode-xid"
version = "0.1.0"
source = "registry+https://github.com/rust-lang/crates.io-index"
checksum = "fc72304796d0818e357ead4e000d19c9c174ab23dc11093ac919054d20a6a7fc"

[[package]]
name = "unreachable"
version = "1.0.0"
source = "registry+https://github.com/rust-lang/crates.io-index"
checksum = "382810877fe448991dfc7f0dd6e3ae5d58088fd0ea5e35189655f84e6814fa56"
dependencies = [
 "void",
]

[[package]]
name = "void"
version = "1.0.2"
source = "registry+https://github.com/rust-lang/crates.io-index"
checksum = "6a02e4885ed3bc0f2de90ea6dd45ebcbb66dacffe03547fadbb0eeae2770887d"

[[package]]
name = "walkdir"
version = "2.2.7"
source = "registry+https://github.com/rust-lang/crates.io-index"
checksum = "9d9d7ed3431229a144296213105a390676cc49c9b6a72bd19f3176c98e129fa1"
dependencies = [
 "same-file",
 "winapi",
 "winapi-util",
]

[[package]]
name = "wasm-bindgen"
version = "0.2.43"
source = "registry+https://github.com/rust-lang/crates.io-index"
checksum = "546e4ab1bf7f9a3532d21472efd72d01a23f55abd885c60b165f393394dbad95"
dependencies = [
 "wasm-bindgen-macro",
]

[[package]]
name = "wasm-bindgen-backend"
version = "0.2.43"
source = "registry+https://github.com/rust-lang/crates.io-index"
checksum = "7b84bedebfd6ae3522cce59dec6b52ee6c53ceeaae8541668c15b9f42df8ecab"
dependencies = [
 "bumpalo",
 "lazy_static",
 "log",
 "proc-macro2 0.4.29",
 "quote 0.6.12",
 "syn 0.15.33",
 "wasm-bindgen-shared",
]

[[package]]
name = "wasm-bindgen-macro"
version = "0.2.43"
source = "registry+https://github.com/rust-lang/crates.io-index"
checksum = "f2a033fc6bfd5e486a488b0e19d7d1bb29e667ebb91db85f698381a8aa831786"
dependencies = [
 "quote 0.6.12",
 "wasm-bindgen-macro-support",
]

[[package]]
name = "wasm-bindgen-macro-support"
version = "0.2.43"
source = "registry+https://github.com/rust-lang/crates.io-index"
checksum = "fba68375ef8f095c4a169c093c95ed2e1b5e44f7872f3bcbcafe2c51b4a80480"
dependencies = [
 "proc-macro2 0.4.29",
 "quote 0.6.12",
 "syn 0.15.33",
 "wasm-bindgen-backend",
 "wasm-bindgen-shared",
]

[[package]]
name = "wasm-bindgen-shared"
version = "0.2.43"
source = "registry+https://github.com/rust-lang/crates.io-index"
checksum = "321949f4d7f7bf7a49dccd464bdc46581b180f761d9505e4943926d50b2a4a64"

[[package]]
name = "wayland-client"
version = "0.21.12"
source = "registry+https://github.com/rust-lang/crates.io-index"
checksum = "e77d1e6887f07ea2e5d79a3d7d03a875e62d3746334a909b5035d779d849a523"
dependencies = [
 "bitflags",
 "downcast-rs",
 "libc",
 "nix",
 "wayland-commons",
 "wayland-scanner",
 "wayland-sys",
]

[[package]]
name = "wayland-commons"
version = "0.21.12"
source = "registry+https://github.com/rust-lang/crates.io-index"
checksum = "dff69a5399ca212efa4966f3ee2a3773f19960d0fa329b9aca046a8508a0e09f"
dependencies = [
 "nix",
 "wayland-sys",
]

[[package]]
name = "wayland-protocols"
version = "0.21.12"
source = "registry+https://github.com/rust-lang/crates.io-index"
checksum = "c9ccddf6a4407d982898e0f0a1172217843f3d40fe4272f828060b56a2d40d81"
dependencies = [
 "bitflags",
 "wayland-client",
 "wayland-commons",
 "wayland-scanner",
 "wayland-sys",
]

[[package]]
name = "wayland-scanner"
version = "0.21.12"
source = "registry+https://github.com/rust-lang/crates.io-index"
checksum = "63bc5efa7dcdb8f04d2e5d1571c0d0577fc47076d133d68e056bdb299f1b60e2"
dependencies = [
 "proc-macro2 0.4.29",
 "quote 0.6.12",
 "xml-rs",
]

[[package]]
name = "wayland-sys"
version = "0.21.12"
source = "registry+https://github.com/rust-lang/crates.io-index"
checksum = "e76af81a601b84d400744f85f083381daa77ac01f6c8711e57e662dc3a35d69d"
dependencies = [
 "dlib",
 "lazy_static",
]

[[package]]
name = "winapi"
version = "0.3.7"
source = "registry+https://github.com/rust-lang/crates.io-index"
checksum = "f10e386af2b13e47c89e7236a7a14a086791a2b88ebad6df9bf42040195cf770"
dependencies = [
 "winapi-i686-pc-windows-gnu",
 "winapi-x86_64-pc-windows-gnu",
]

[[package]]
name = "winapi-i686-pc-windows-gnu"
version = "0.4.0"
source = "registry+https://github.com/rust-lang/crates.io-index"
checksum = "ac3b87c63620426dd9b991e5ce0329eff545bccbbb34f3be09ff6fb6ab51b7b6"

[[package]]
name = "winapi-util"
version = "0.1.2"
source = "registry+https://github.com/rust-lang/crates.io-index"
checksum = "7168bab6e1daee33b4557efd0e95d5ca70a03706d39fa5f3fe7a236f584b03c9"
dependencies = [
 "winapi",
]

[[package]]
name = "winapi-x86_64-pc-windows-gnu"
version = "0.4.0"
source = "registry+https://github.com/rust-lang/crates.io-index"
checksum = "712e227841d057c1ee1cd2fb22fa7e5a5461ae8e48fa2ca79ec42cfc1931183f"

[[package]]
name = "winit"
version = "0.18.1"
source = "registry+https://github.com/rust-lang/crates.io-index"
checksum = "8c57c15bd4c0ef18dff33e263e452abe32d00e2e05771cacaa410a14cc1c0776"
dependencies = [
 "android_glue",
 "backtrace",
 "cocoa",
 "core-foundation",
 "core-graphics",
 "lazy_static",
 "libc",
 "log",
 "objc",
 "parking_lot",
 "percent-encoding",
 "smithay-client-toolkit",
 "wayland-client",
 "winapi",
 "x11-dl",
]

[[package]]
name = "x11-dl"
version = "2.18.3"
source = "registry+https://github.com/rust-lang/crates.io-index"
checksum = "940586acb859ea05c53971ac231685799a7ec1dee66ac0bccc0e6ad96e06b4e3"
dependencies = [
 "lazy_static",
 "libc",
 "pkg-config",
]

[[package]]
name = "xdg"
version = "2.2.0"
source = "registry+https://github.com/rust-lang/crates.io-index"
checksum = "d089681aa106a86fade1b0128fb5daf07d5867a509ab036d99988dec80429a57"

[[package]]
name = "xml-rs"
version = "0.8.0"
source = "registry+https://github.com/rust-lang/crates.io-index"
checksum = "541b12c998c5b56aa2b4e6f18f03664eef9a4fd0a246a55594efae6cc2d964b5"
