# THIS IS AN AUTOGENERATED FILE. DO NOT EDIT THIS FILE DIRECTLY.
# yarn lockfile v1


simplify-js@^1.2.4:
  version "1.2.4"
  resolved "https://registry.yarnpkg.com/simplify-js/-/simplify-js-1.2.4.tgz#7aab22d6df547ffd40ef0761ccd82b75287d45c7"
  integrity sha512-vITfSlwt7h/oyrU42R83mtzFpwYk3+mkH9bOHqq/Qw6n8rtR7aE3NZQ5fbcyCUVVmuMJR6ynsAhOfK2qoah8Jg==
